{
  "name": "compiladores---little-duck",
  "version": "1.0.0",
  "lockfileVersion": 3,
  "requires": true,
  "packages": {
    "": {
      "name": "compiladores---little-duck",
      "version": "1.0.0",
      "license": "ISC",
      "dependencies": {
        "antlr4": "^4.13.1-patch-1",
        "fs": "^0.0.1-security"
      }
    },
    "node_modules/antlr4": {
      "version": "4.13.1-patch-1",
      "resolved": "https://registry.npmjs.org/antlr4/-/antlr4-4.13.1-patch-1.tgz",
      "integrity": "sha512-OjFLWWLzDMV9rdFhpvroCWR4ooktNg9/nvVYSA5z28wuVpU36QUNuioR1XLnQtcjVlf8npjyz593PxnU/f/Cow==",
      "engines": {
        "node": ">=16"
      }
    },
    "node_modules/fs": {
      "version": "0.0.1-security",
      "resolved": "https://registry.npmjs.org/fs/-/fs-0.0.1-security.tgz",
      "integrity": "sha512-3XY9e1pP0CVEUCdj5BmfIZxRBTSDycnbqhIOGec9QYtmVH2fbLpj86CFWkrNOkt/Fvty4KZG5lTglL9j/gJ87w=="
    }
  }
}
